{
  "name": "luiz-apolinario-contacts-app",
  "version": "1.0.0",
  "lockfileVersion": 3,
  "requires": true,
  "packages": {
    "": {
      "name": "luiz-apolinario-contacts-app",
      "version": "1.0.0",
      "devDependencies": {
        "concurrently": "^8.2.2",
        "pm2": "^5.3.1"
      }
    }
  }
}
